
Microsoft Visual Studio Solution File, Format Version 12.00
# Visual Studio Version 16
VisualStudioVersion = 25.0.1700.0
MinimumVisualStudioVersion = 10.0.40219.1
Project("{FAE04EC0-301F-11D3-BF4B-00C04F79EFBC}") = "BulkyBookWeb", "BulkyBookWeb\BulkyBookWeb.csproj", "{0CC853DC-E136-4108-B847-0C4B7E9C3E2E}"
EndProject
Global
	GlobalSection(SolutionConfigurationPlatforms) = preSolution
		Debug|Any CPU = Debug|Any CPU
		Release|Any CPU = Release|Any CPU
	EndGlobalSection
	GlobalSection(ProjectConfigurationPlatforms) = postSolution
		{0CC853DC-E136-4108-B847-0C4B7E9C3E2E}.Debug|Any CPU.ActiveCfg = Debug|Any CPU
		{0CC853DC-E136-4108-B847-0C4B7E9C3E2E}.Debug|Any CPU.Build.0 = Debug|Any CPU
		{0CC853DC-E136-4108-B847-0C4B7E9C3E2E}.Release|Any CPU.ActiveCfg = Release|Any CPU
		{0CC853DC-E136-4108-B847-0C4B7E9C3E2E}.Release|Any CPU.Build.0 = Release|Any CPU
	EndGlobalSection
	GlobalSection(SolutionProperties) = preSolution
		HideSolutionNode = FALSE
	EndGlobalSection
	GlobalSection(ExtensibilityGlobals) = postSolution
		SolutionGuid = {AB20D749-BB92-406B-8240-5B10B79C522E}
	EndGlobalSection
EndGlobal
